
Microsoft Visual Studio Solution File, Format Version 12.00
# Visual Studio Version 17
VisualStudioVersion = 17.2.32526.322
MinimumVisualStudioVersion = 10.0.40219.1
Project("{9A19103F-16F7-4668-BE54-9A1E7A4F7556}") = "Flowingly.TaxCalculator.Api", "Flowingly.TaxCalculator.Api\Flowingly.TaxCalculator.Api.csproj", "{39000BA7-2407-4E9F-94DF-5151D1CAE7D0}"
EndProject
Project("{FAE04EC0-301F-11D3-BF4B-00C04F79EFBC}") = "Flowingly.TaxCalculator.Business", "Flowingly.TaxCalculator.Business\Flowingly.TaxCalculator.Business.csproj", "{FD0FE2D5-DADD-40CE-A932-E5E3CB48F09A}"
EndProject
Global
	GlobalSection(SolutionConfigurationPlatforms) = preSolution
		Debug|Any CPU = Debug|Any CPU
		Release|Any CPU = Release|Any CPU
	EndGlobalSection
	GlobalSection(ProjectConfigurationPlatforms) = postSolution
		{39000BA7-2407-4E9F-94DF-5151D1CAE7D0}.Debug|Any CPU.ActiveCfg = Debug|Any CPU
		{39000BA7-2407-4E9F-94DF-5151D1CAE7D0}.Debug|Any CPU.Build.0 = Debug|Any CPU
		{39000BA7-2407-4E9F-94DF-5151D1CAE7D0}.Release|Any CPU.ActiveCfg = Release|Any CPU
		{39000BA7-2407-4E9F-94DF-5151D1CAE7D0}.Release|Any CPU.Build.0 = Release|Any CPU
		{FD0FE2D5-DADD-40CE-A932-E5E3CB48F09A}.Debug|Any CPU.ActiveCfg = Debug|Any CPU
		{FD0FE2D5-DADD-40CE-A932-E5E3CB48F09A}.Debug|Any CPU.Build.0 = Debug|Any CPU
		{FD0FE2D5-DADD-40CE-A932-E5E3CB48F09A}.Release|Any CPU.ActiveCfg = Release|Any CPU
		{FD0FE2D5-DADD-40CE-A932-E5E3CB48F09A}.Release|Any CPU.Build.0 = Release|Any CPU
	EndGlobalSection
	GlobalSection(SolutionProperties) = preSolution
		HideSolutionNode = FALSE
	EndGlobalSection
	GlobalSection(ExtensibilityGlobals) = postSolution
		SolutionGuid = {214FA39D-F303-4CBA-A78C-0AA93FC50E76}
	EndGlobalSection
EndGlobal
